
Microsoft Visual Studio Solution File, Format Version 12.00
# Visual Studio Version 17
VisualStudioVersion = 17.5.33530.505
MinimumVisualStudioVersion = 10.0.40219.1
Project("{FAE04EC0-301F-11D3-BF4B-00C04F79EFBC}") = "Ejercicio3", "Ejercicio3\Ejercicio3.csproj", "{164F1384-8DC0-4E21-9BDD-89268863F42F}"
EndProject
Global
	GlobalSection(SolutionConfigurationPlatforms) = preSolution
		Debug|Any CPU = Debug|Any CPU
		Release|Any CPU = Release|Any CPU
	EndGlobalSection
	GlobalSection(ProjectConfigurationPlatforms) = postSolution
		{164F1384-8DC0-4E21-9BDD-89268863F42F}.Debug|Any CPU.ActiveCfg = Debug|Any CPU
		{164F1384-8DC0-4E21-9BDD-89268863F42F}.Debug|Any CPU.Build.0 = Debug|Any CPU
		{164F1384-8DC0-4E21-9BDD-89268863F42F}.Release|Any CPU.ActiveCfg = Release|Any CPU
		{164F1384-8DC0-4E21-9BDD-89268863F42F}.Release|Any CPU.Build.0 = Release|Any CPU
	EndGlobalSection
	GlobalSection(SolutionProperties) = preSolution
		HideSolutionNode = FALSE
	EndGlobalSection
	GlobalSection(ExtensibilityGlobals) = postSolution
		SolutionGuid = {3DD594CC-DE62-49C6-86FD-08A6B583C4CD}
	EndGlobalSection
EndGlobal
